<Solution>
  <Folder Name="/src/">
    <Project Path="src/BaruBoard.App/BaruBoard.App.csproj" />
    <Project Path="src/BaruBoard.Core/BaruBoard.Core.csproj" />
    <Project Path="src/BaruBoard.Storage/BaruBoard.Storage.csproj" />
  </Folder>
  <Folder Name="/tests/">
    <Project Path="tests/BaruBoard.Tests/BaruBoard.Tests.csproj" />
  </Folder>
</Solution>
